# THIS IS AN AUTOGENERATED FILE. DO NOT EDIT THIS FILE DIRECTLY.
assets/christmas-title-left.png:
  development: 2018-03-30T16:19:39-04:00   8ccfa3421d6815e768e552519a8ddafc
assets/christmas-title-right.png:
  development: 2018-03-30T16:19:40-04:00   1e7c9546f0369a85aae09e9759c74066
assets/christmas-topbar-left.png:
  development: 2018-03-30T16:19:40-04:00   3cffaa89a55a74c9b473fb294d8d0d75
assets/christmas-topbar-right.png:
  development: 2018-03-30T16:19:40-04:00   d73e27aeb4ac004ad7491d4bbb2e5ff3
assets/christmas-topbar-snow.png:
  development: 2018-03-30T16:19:40-04:00   646e31026617b3c0bf05088f50d8f115
assets/fontawesome-webfont.eot:
  development: 2018-03-30T16:19:40-04:00   674f50d287a8c48dc19ba404d20fe713
assets/fontawesome-webfont.svg:
  development: 2018-03-30T16:19:41-04:00   912ec66d7572ff821749319396470bde
assets/fontawesome-webfont.ttf:
  development: 2018-03-30T16:19:42-04:00   b06871f281fee6b241d60582ae9369b9
assets/fontawesome-webfont.woff:
  development: 2018-03-30T16:19:42-04:00   fee66e712a8a08eef5805a46892932ad
assets/fontawesome-webfont.woff2:
  development: 2018-03-30T16:19:42-04:00   af7ae505a9eed503f8b8e6982036873e
assets/gift-card.scss.liquid:
  development: 2018-03-30T16:19:43-04:00   c4d99d6414af35760c5112b609962e87
assets/ico-select.svg.liquid:
  development: 2018-03-30T16:19:43-04:00   9c9cc5a57cc74a0a64c2f62b1370a920
assets/jquery.currencies.min.js:
  development: 2018-03-30T16:19:43-04:00   fbda3f892f5bfe99013e90c545ecef31
assets/mini-cart.svg:
  development: 2018-03-30T16:19:43-04:00   589743dfdbb6d259d2697fd2197991e5
assets/theme.js.liquid:
  development: 2018-03-30T16:19:43-04:00   49647fe9d2b420e5ad76e2e6e3c4e6f0
assets/theme.scss.liquid:
  development: 2018-03-31T00:36:06-04:00   c29303ca7fa818185111cd92390ff5c0
assets/vendors.css:
  development: 2018-03-30T16:19:44-04:00   fc8d9ffc280d0d1827b5371886e5fafb
assets/vendors.js.liquid:
  development: 2018-03-30T16:19:44-04:00   5c2363a83b7d94f6b1423d75df325485
config/settings_data.json:
  development: 2018-03-30T23:19:47-04:00   cda076689a893e485fca29efdac22a0f
config/settings_schema.json:
  development: 2018-03-30T16:19:47-04:00   32ae925a071463894ab1d2ab49c80cfb
layout/theme.liquid:
  development: 2018-03-30T16:19:44-04:00   440dae62d599e37ead8dde01fc8db24b
locales/en.default.json:
  development: 2018-03-30T17:34:32-04:00   38049fe399092dc6178daea816eae1dc
sections/article.liquid:
  development: 2018-03-30T16:19:38-04:00   8b4a13db0ff8aa2c8d25d8180d5425c7
sections/blog-featured.liquid:
  development: 2018-03-30T16:19:38-04:00   2664865f9c6c3637780eb3cfdc6154d1
sections/blog.liquid:
  development: 2018-03-30T16:19:38-04:00   08e2fa151eade802a23f62c60c329874
sections/cart.liquid:
  development: 2018-03-30T16:19:38-04:00   57de6d7e7829a4a7fec4b81d8f77f83b
sections/collection-featured.liquid:
  development: 2018-03-30T16:19:38-04:00   8b0972003fe8fe957d646e0434c80c4d
sections/collection-list.liquid:
  development: 2018-03-30T16:19:38-04:00   6ade5df3bfa2d3a89a8ba100297f580a
sections/collection.liquid:
  development: 2018-03-30T16:19:38-04:00   16595903b16dd0ea917dcb1713ff67e8
sections/content-custom.liquid:
  development: 2018-03-30T16:19:38-04:00   e282eea98a8b07d0873421b263eeafae
sections/content-masonry.liquid:
  development: 2018-03-30T16:19:38-04:00   040c674d67be2ac4ae07b754a9e1364c
sections/footer.liquid:
  development: 2018-03-30T16:19:38-04:00   c237f7876d2d83ff6b9045d7c0c91029
sections/header.liquid:
  development: 2018-03-30T16:19:38-04:00   a4cc79773e42d27bb68e668dc7ed297f
sections/logo-bar.liquid:
  development: 2018-03-30T16:19:38-04:00   b748578819f0260303400139c7c7b41b
sections/password-content.liquid:
  development: 2018-03-30T16:19:38-04:00   f88b0344c95e47ecd5cdc5c13143c16e
sections/password-footer.liquid:
  development: 2018-03-30T16:19:39-04:00   df120176551679a0073076bb7f8ddaae
sections/password-header.liquid:
  development: 2018-03-30T16:19:39-04:00   03ecabd6547eea6dc7f9075e37961b26
sections/product-detail.liquid:
  development: 2018-03-31T11:54:38-04:00   f3fd6dd8c09718ec509281e273a0b091
sections/product-related.liquid:
  development: 2018-03-30T16:19:39-04:00   390af76b9a322f6a8b724f9755b1f2db
sections/product-tabs.liquid:
  development: 2018-03-30T16:19:39-04:00   76f464360002efa24fbc257036797cc4
sections/slideshow.liquid:
  development: 2018-03-30T16:19:39-04:00   6dfd625279d19bef36585fcefbf9a075
sections/text-icon.liquid:
  development: 2018-03-30T16:19:39-04:00   5c082f64f3ef6c984efbeb49b2dca7db
sections/topbar.liquid:
  development: 2018-03-30T16:19:39-04:00   eca109853e66e5b8c08e141c6b9e554a
snippets/blog-info.liquid:
  development: 2018-03-30T16:19:44-04:00   53b8b28b9c9c8bfd4475a3ddcea8720c
snippets/blog-sidebar.liquid:
  development: 2018-03-30T16:19:44-04:00   ae3891e372509ded7074e50b2a97f438
snippets/breadcrumb.liquid:
  development: 2018-03-30T16:19:45-04:00   7bf89ebc6f2f46288fa59aa305a42514
snippets/collection-grid-item.liquid:
  development: 2018-03-30T16:19:45-04:00   3aed4ee9647a1486042f7142901f620f
snippets/collection-sidebar.liquid:
  development: 2018-03-30T16:19:45-04:00   a666742c1bbc291b5ab0534c254170f1
snippets/collection-sorting.liquid:
  development: 2018-03-30T16:19:45-04:00   aa1fa824b1b653634dfe3cf74432ec71
snippets/comment.liquid:
  development: 2018-03-30T16:19:45-04:00   c766e42be8a74e05533d0e5a0e3a9ce3
snippets/currencies.liquid:
  development: 2018-03-30T16:19:45-04:00   2b8c7f455cee9a97b21d95d1cae2caa8
snippets/currency-picker.liquid:
  development: 2018-03-30T16:19:45-04:00   8b2a1538efe760b348a86ec87d062d4c
snippets/google-fonts.liquid:
  development: 2018-03-30T16:19:45-04:00   c7424147b6a0329fd07b273f8027fe35
snippets/icon-cart.liquid:
  development: 2018-03-30T16:19:45-04:00   c9de61c7db365e0090f7ca5423b633e6
snippets/icon-chevron-down.liquid:
  development: 2018-03-30T16:19:45-04:00   7d3a8cd08370aa9d2a88ae542446a181
snippets/icon-chevron-left.liquid:
  development: 2018-03-30T16:19:45-04:00   6290d56c32e8ac47abe4a4f4d90ed032
snippets/icon-chevron-right.liquid:
  development: 2018-03-30T16:19:45-04:00   41842e53e7b826a0d260e2ccffbfdab1
snippets/icon-chevron-up.liquid:
  development: 2018-03-30T16:19:45-04:00   4df1e02c8789418fc53d48e2913daf49
snippets/icon-close.liquid:
  development: 2018-03-30T16:19:45-04:00   a04fce17a63e760b9bce76768ee29feb
snippets/icon-eye.liquid:
  development: 2018-03-30T16:19:45-04:00   54decf1b63c0c56b6b7bccbeca84558b
snippets/icon-hamburger.liquid:
  development: 2018-03-30T16:19:45-04:00   559577e06ff14924311cfe2642e8b765
snippets/icon-login.liquid:
  development: 2018-03-30T16:19:45-04:00   9a74bdaac402576390ca1dbdc9e7869c
snippets/icon-search.liquid:
  development: 2018-03-30T16:19:45-04:00   7a6bf8d43770ed3a16cb22001718b87e
snippets/icon-user.liquid:
  development: 2018-03-30T16:19:45-04:00   2c3b89c7697d30aad3c5902cce3c11cc
snippets/logo.liquid:
  development: 2018-03-30T16:19:45-04:00   6a056e7b81bc354ff3cf5e6f3c2d0a9c
snippets/nav-desktop.liquid:
  development: 2018-03-30T16:19:45-04:00   3a1394b787d46de978fb363bc9ce2d40
snippets/nav-mobile.liquid:
  development: 2018-03-30T16:19:45-04:00   8d9058e2be99e37fe468e9a8ab9d931c
snippets/nav-sub-column.liquid:
  development: 2018-03-30T16:19:45-04:00   935b45ae775e849c1dc2eae982b5acc4
snippets/nav-sub-product.liquid:
  development: 2018-03-30T16:19:45-04:00   59ce67e6a1a65095a0c84ce643e1e3af
snippets/newsletter-form.liquid:
  development: 2018-03-30T16:19:45-04:00   4fe1b0d07498f5dbf1ed90b81713bac7
snippets/newsletter-popup.liquid:
  development: 2018-03-30T16:19:45-04:00   fa0d90b1658337de0b3ea064013fd068
snippets/no-blocks.liquid:
  development: 2018-03-30T16:19:45-04:00   0cb7d758b6df0feb07ae5804b4b627fa
snippets/onboarding-empty-collection.liquid:
  development: 2018-03-30T16:19:46-04:00   c610b73a8d931acc7309c0b8bf7cd24b
snippets/onboarding-featured-collections.liquid:
  development: 2018-03-30T16:19:46-04:00   f9b3173851a152abcc193296287fb9f2
snippets/onboarding-featured-products.liquid:
  development: 2018-03-30T16:19:46-04:00   a421eba1b715d4d03d3af44333fc9ee9
snippets/options-selector.liquid:
  development: 2018-03-30T16:19:46-04:00   1ca761cb89f098f3e1399a68bd718bd3
snippets/pagination.liquid:
  development: 2018-03-30T16:19:46-04:00   43bd7f13482b116f0c0b0734836d0f48
snippets/product-grid-item.liquid:
  development: 2018-03-30T16:19:46-04:00   c1f27ac42ef8565e80b3f5b920e17eec
snippets/product-price.liquid:
  development: 2018-03-30T16:19:46-04:00   259095372c12a9bf5e05a472af34691f
snippets/product-upsell.liquid:
  development: 2018-03-30T16:19:46-04:00   1bca49baa040a77e3a82cb5e3c4e38aa
snippets/sale-notification.liquid:
  development: 2018-03-30T16:19:46-04:00   dc8d5c9dd56274b5a5e8e4ff9407ac16
snippets/search-bar.liquid:
  development: 2018-03-30T16:19:46-04:00   4f85f4c1c221c709ff9dbc1096ab52e9
snippets/social-links.liquid:
  development: 2018-03-30T16:19:46-04:00   426411fc8323047ea345b06806286cab
snippets/social-meta-tags.liquid:
  development: 2018-03-30T16:19:46-04:00   e7c97d7cb76c7925dd144dfb7b188cac
snippets/social-sharing.liquid:
  development: 2018-03-30T16:19:46-04:00   04733af5996d94a41f5166be7b82767e
snippets/swatch.liquid:
  development: 2018-03-30T16:19:46-04:00   cde729594a646ba0a02db5e72592a74f
snippets/tags-article.liquid:
  development: 2018-03-30T16:19:46-04:00   52bc59a44a51be2f1745559c2ba514a2
templates/404.liquid:
  development: 2018-03-30T16:19:46-04:00   a58687a7342a8461b5939e9a608de662
templates/article.liquid:
  development: 2018-03-30T16:19:46-04:00   b784849cb42ba128a6f7420ddc500883
templates/blog.liquid:
  development: 2018-03-30T16:19:46-04:00   dbdc488b3a1cbd77ef2c90617cb28c68
templates/cart.liquid:
  development: 2018-03-30T16:19:46-04:00   9c16bd0484c72d0e40ea2cb4439c14d1
templates/collection.liquid:
  development: 2018-03-30T16:19:46-04:00   de2382cb4364bc9db626b63277eb8ef3
templates/collection.list.liquid:
  development: 2018-03-30T16:19:46-04:00   fd7711a42ca6e398855f1101f74bc8f7
templates/customers/account.liquid:
  development: 2018-03-30T16:19:46-04:00   fd71587f23bc55336eaa10aa8ca15d4f
templates/customers/activate_account.liquid:
  development: 2018-03-30T16:19:46-04:00   d92bfce42f05a75de2f61cb6ba433e69
templates/customers/addresses.liquid:
  development: 2018-03-30T16:19:46-04:00   998f4a7deb6a33d014cbc3f0075b8050
templates/customers/login.liquid:
  development: 2018-03-30T16:19:47-04:00   83f6312f675b4eb6af0a26a66df25c1c
templates/customers/order.liquid:
  development: 2018-03-30T16:19:47-04:00   e3ec01e9286bf4daa7b5a3a7bbe8479c
templates/customers/register.liquid:
  development: 2018-03-30T16:19:47-04:00   4a998014f90a7284b9a13c4fc7615cf4
templates/customers/reset_password.liquid:
  development: 2018-03-30T16:19:47-04:00   fd7a07fc604a225a3758996e2f03a162
templates/gift_card.liquid:
  development: 2018-03-30T16:19:47-04:00   5fb4547192ed232de118c7ba2b3d3093
templates/index.liquid:
  development: 2018-03-30T16:19:47-04:00   034564da719f1f503f71c6638210c15a
templates/list-collections.liquid:
  development: 2018-03-30T16:19:47-04:00   03e76f48e8f09fa2a1d263eb1e9ea2d1
templates/page.contact.liquid:
  development: 2018-03-30T16:19:47-04:00   8fb0bf0de53283e3112b45e7b993c571
templates/page.liquid:
  development: 2018-03-30T16:19:47-04:00   8584da3ab4fadb2357d96223d23f9464
templates/page.pagefly.6270386239.liquid:
  development: 2018-03-30T17:38:56-04:00   78aba12aea20a6d15783531e87611ba3
templates/page.pagefly.6274646079.liquid:
  development: 2018-03-30T22:56:41-04:00   447d0a2d68b45de15f540b36781b3d1f
templates/product.liquid:
  development: 2018-03-30T16:19:47-04:00   ba48e209a620121793c87a68f6fb8071
templates/product.pagefly.531016777791.liquid:
  development: 2018-03-30T22:57:22-04:00   fbe4c57086dcaa81d8424e1cb1f1cdbb
templates/product.quickview.liquid:
  development: 2018-03-30T16:19:47-04:00   20be03d57434e82b83b23ebe007c45ff
templates/search.liquid:
  development: 2018-03-30T16:19:47-04:00   2736e2004335a7491677e18310948044
